
Microsoft Visual Studio Solution File, Format Version 12.00
# Visual Studio Version 16
VisualStudioVersion = 16.0.31005.135
MinimumVisualStudioVersion = 10.0.40219.1
Project("{FAE04EC0-301F-11D3-BF4B-00C04F79EFBC}") = "ITCraft-TrialTask", "ITCraft-TrialTask\ITCraft-TrialTask.csproj", "{DFD3CCC3-919A-4053-8CB5-C3F211D2F561}"
EndProject
Global
	GlobalSection(SolutionConfigurationPlatforms) = preSolution
		Debug|Any CPU = Debug|Any CPU
		Release|Any CPU = Release|Any CPU
	EndGlobalSection
	GlobalSection(ProjectConfigurationPlatforms) = postSolution
		{DFD3CCC3-919A-4053-8CB5-C3F211D2F561}.Debug|Any CPU.ActiveCfg = Debug|Any CPU
		{DFD3CCC3-919A-4053-8CB5-C3F211D2F561}.Debug|Any CPU.Build.0 = Debug|Any CPU
		{DFD3CCC3-919A-4053-8CB5-C3F211D2F561}.Release|Any CPU.ActiveCfg = Release|Any CPU
		{DFD3CCC3-919A-4053-8CB5-C3F211D2F561}.Release|Any CPU.Build.0 = Release|Any CPU
	EndGlobalSection
	GlobalSection(SolutionProperties) = preSolution
		HideSolutionNode = FALSE
	EndGlobalSection
	GlobalSection(ExtensibilityGlobals) = postSolution
		SolutionGuid = {8331A10D-24EE-47D8-AFF9-B2F65F81B813}
	EndGlobalSection
EndGlobal
